// !$*UTF8*$!
{
	archiveVersion = 1;
	classes = {
	};
	objectVersion = 46;
	objects = {

/* Begin PBXBuildFile section */
		43C29EC11D5A736400E035E3 /* AppDelegate.swift in Sources */ = {isa = PBXBuildFile; fileRef = 43C29EC01D5A736400E035E3 /* AppDelegate.swift */; };
		43C29EC61D5A736400E035E3 /* Main.storyboard in Resources */ = {isa = PBXBuildFile; fileRef = 43C29EC41D5A736400E035E3 /* Main.storyboard */; };
		43C29EC81D5A736400E035E3 /* Assets.xcassets in Resources */ = {isa = PBXBuildFile; fileRef = 43C29EC71D5A736400E035E3 /* Assets.xcassets */; };
		43C29ECB1D5A736400E035E3 /* LaunchScreen.storyboard in Resources */ = {isa = PBXBuildFile; fileRef = 43C29EC91D5A736400E035E3 /* LaunchScreen.storyboard */; };
		43C29ED51D5A747800E035E3 /* TableViewController.swift in Sources */ = {isa = PBXBuildFile; fileRef = 43C29ED41D5A747800E035E3 /* TableViewController.swift */; };
		43C29ED91D5B5D7A00E035E3 /* ViewController.swift in Sources */ = {isa = PBXBuildFile; fileRef = 43C29ED81D5B5D7A00E035E3 /* ViewController.swift */; };
/* End PBXBuildFile section */

/* Begin PBXFileReference section */
		43C29EBD1D5A736400E035E3 /* myriadOfCells.app */ = {isa = PBXFileReference; explicitFileType = wrapper.application; includeInIndex = 0; path = myriadOfCells.app; sourceTree = BUILT_PRODUCTS_DIR; };
		43C29EC01D5A736400E035E3 /* AppDelegate.swift */ = {isa = PBXFileReference; lastKnownFileType = sourcecode.swift; path = AppDelegate.swift; sourceTree = "<group>"; };
		43C29EC51D5A736400E035E3 /* Base */ = {isa = PBXFileReference; lastKnownFileType = file.storyboard; name = Base; path = Base.lproj/Main.storyboard; sourceTree = "<group>"; };
		43C29EC71D5A736400E035E3 /* Assets.xcassets */ = {isa = PBXFileReference; lastKnownFileType = folder.assetcatalog; path = Assets.xcassets; sourceTree = "<group>"; };
		43C29ECA1D5A736400E035E3 /* Base */ = {isa = PBXFileReference; lastKnownFileType = file.storyboard; name = Base; path = Base.lproj/LaunchScreen.storyboard; sourceTree = "<group>"; };
		43C29ECC1D5A736400E035E3 /* Info.plist */ = {isa = PBXFileReference; lastKnownFileType = text.plist.xml; path = Info.plist; sourceTree = "<group>"; };
		43C29ED41D5A747800E035E3 /* TableViewController.swift */ = {isa = PBXFileReference; fileEncoding = 4; lastKnownFileType = sourcecode.swift; name = TableViewController.swift; path = ../TableViewController.swift; sourceTree = "<group>"; };
		43C29ED81D5B5D7A00E035E3 /* ViewController.swift */ = {isa = PBXFileReference; fileEncoding = 4; lastKnownFileType = sourcecode.swift; path = ViewController.swift; sourceTree = "<group>"; };
/* End PBXFileReference section */

/* Begin PBXFrameworksBuildPhase section */
		43C29EBA1D5A736400E035E3 /* Frameworks */ = {
			isa = PBXFrameworksBuildPhase;
			buildActionMask = 2147483647;
			files = (
			);
			runOnlyForDeploymentPostprocessing = 0;
		};
/* End PBXFrameworksBuildPhase section */

/* Begin PBXGroup section */
		43C29EB41D5A736400E035E3 = {
			isa = PBXGroup;
			children = (
				43C29EBF1D5A736400E035E3 /* myriadOfCells */,
				43C29EBE1D5A736400E035E3 /* Products */,
			);
			sourceTree = "<group>";
		};
		43C29EBE1D5A736400E035E3 /* Products */ = {
			isa = PBXGroup;
			children = (
				43C29EBD1D5A736400E035E3 /* myriadOfCells.app */,
			);
			name = Products;
			sourceTree = "<group>";
		};
		43C29EBF1D5A736400E035E3 /* myriadOfCells */ = {
			isa = PBXGroup;
			children = (
				43C29EC01D5A736400E035E3 /* AppDelegate.swift */,
				43C29EC41D5A736400E035E3 /* Main.storyboard */,
				43C29ED41D5A747800E035E3 /* TableViewController.swift */,
				43C29ED81D5B5D7A00E035E3 /* ViewController.swift */,
				43C29EC71D5A736400E035E3 /* Assets.xcassets */,
				43C29EC91D5A736400E035E3 /* LaunchScreen.storyboard */,
				43C29ECC1D5A736400E035E3 /* Info.plist */,
			);
			path = myriadOfCells;
			sourceTree = "<group>";
		};
/* End PBXGroup section */

/* Begin PBXNativeTarget section */
		43C29EBC1D5A736400E035E3 /* myriadOfCells */ = {
			isa = PBXNativeTarget;
			buildConfigurationList = 43C29ECF1D5A736400E035E3 /* Build configuration list for PBXNativeTarget "myriadOfCells" */;
			buildPhases = (
				43C29EB91D5A736400E035E3 /* Sources */,
				43C29EBA1D5A736400E035E3 /* Frameworks */,
				43C29EBB1D5A736400E035E3 /* Resources */,
			);
			buildRules = (
			);
			dependencies = (
			);
			name = myriadOfCells;
			productName = myriadOfCells;
			productReference = 43C29EBD1D5A736400E035E3 /* myriadOfCells.app */;
			productType = "com.apple.product-type.application";
		};
/* End PBXNativeTarget section */

/* Begin PBXProject section */
		43C29EB51D5A736400E035E3 /* Project object */ = {
			isa = PBXProject;
			attributes = {
				LastSwiftUpdateCheck = 0730;
				LastUpgradeCheck = 0730;
				ORGANIZATIONNAME = "Rebecca Bartels";
				TargetAttributes = {
					43C29EBC1D5A736400E035E3 = {
						CreatedOnToolsVersion = 7.3.1;
					};
				};
			};
			buildConfigurationList = 43C29EB81D5A736400E035E3 /* Build configuration list for PBXProject "myriadOfCells" */;
			compatibilityVersion = "Xcode 3.2";
			developmentRegion = English;
			hasScannedForEncodings = 0;
			knownRegions = (
				en,
				Base,
			);
			mainGroup = 43C29EB41D5A736400E035E3;
			productRefGroup = 43C29EBE1D5A736400E035E3 /* Products */;
			projectDirPath = "";
			projectRoot = "";
			targets = (
				43C29EBC1D5A736400E035E3 /* myriadOfCells */,
			);
		};
/* End PBXProject section */

/* Begin PBXResourcesBuildPhase section */
		43C29EBB1D5A736400E035E3 /* Resources */ = {
			isa = PBXResourcesBuildPhase;
			buildActionMask = 2147483647;
			files = (
				43C29ECB1D5A736400E035E3 /* LaunchScreen.storyboard in Resources */,
				43C29EC81D5A736400E035E3 /* Assets.xcassets in Resources */,
				43C29EC61D5A736400E035E3 /* Main.storyboard in Resources */,
			);
			runOnlyForDeploymentPostprocessing = 0;
		};
/* End PBXResourcesBuildPhase section */

/* Begin PBXSourcesBuildPhase section */
		43C29EB91D5A736400E035E3 /* Sources */ = {
			isa = PBXSourcesBuildPhase;
			buildActionMask = 2147483647;
			files = (
				43C29ED91D5B5D7A00E035E3 /* ViewController.swift in Sources */,
				43C29EC11D5A736400E035E3 /* AppDelegate.swift in Sources */,
				43C29ED51D5A747800E035E3 /* TableViewController.swift in Sources */,
			);
			runOnlyForDeploymentPostprocessing = 0;
		};
/* End PBXSourcesBuildPhase section */

/* Begin PBXVariantGroup section */
		43C29EC41D5A736400E035E3 /* Main.storyboard */ = {
			isa = PBXVariantGroup;
			children = (
				43C29EC51D5A736400E035E3 /* Base */,
			);
			name = Main.storyboard;
			sourceTree = "<group>";
		};
		43C29EC91D5A736400E035E3 /* LaunchScreen.storyboard */ = {
			isa = PBXVariantGroup;
			children = (
				43C29ECA1D5A736400E035E3 /* Base */,
			);
			name = LaunchScreen.storyboard;
			sourceTree = "<group>";
		};
/* End PBXVariantGroup section */

/* Begin XCBuildConfiguration section */
		43C29ECD1D5A736400E035E3 /* Debug */ = {
			isa = XCBuildConfiguration;
			buildSettings = {
				ALWAYS_SEARCH_USER_PATHS = NO;
				CLANG_ANALYZER_NONNULL = YES;
				CLANG_CXX_LANGUAGE_STANDARD = "gnu++0x";
				CLANG_CXX_LIBRARY = "libc++";
				CLANG_ENABLE_MODULES = YES;
				CLANG_ENABLE_OBJC_ARC = YES;
				CLANG_WARN_BOOL_CONVERSION = YES;
				CLANG_WARN_CONSTANT_CONVERSION = YES;
				CLANG_WARN_DIRECT_OBJC_ISA_USAGE = YES_ERROR;
				CLANG_WARN_EMPTY_BODY = YES;
				CLANG_WARN_ENUM_CONVERSION = YES;
				CLANG_WARN_INT_CONVERSION = YES;
				CLANG_WARN_OBJC_ROOT_CLASS = YES_ERROR;
				CLANG_WARN_UNREACHABLE_CODE = YES;
				CLANG_WARN__DUPLICATE_METHOD_MATCH = YES;
				"CODE_SIGN_IDENTITY[sdk=iphoneos*]" = "iPhone Developer";
				COPY_PHASE_STRIP = NO;
				DEBUG_INFORMATION_FORMAT = dwarf;
				ENABLE_STRICT_OBJC_MSGSEND = YES;
				ENABLE_TESTABILITY = YES;
				GCC_C_LANGUAGE_STANDARD = gnu99;
				GCC_DYNAMIC_NO_PIC = NO;
				GCC_NO_COMMON_BLOCKS = YES;
				GCC_OPTIMIZATION_LEVEL = 0;
				GCC_PREPROCESSOR_DEFINITIONS = (
					"DEBUG=1",
					"$(inherited)",
				);
				GCC_WARN_64_TO_32_BIT_CONVERSION = YES;
				GCC_WARN_ABOUT_RETURN_TYPE = YES_ERROR;
				GCC_WARN_UNDECLARED_SELECTOR = YES;
				GCC_WARN_UNINITIALIZED_AUTOS = YES_AGGRESSIVE;
				GCC_WARN_UNUSED_FUNCTION = YES;
				GCC_WARN_UNUSED_VARIABLE = YES;
				IPHONEOS_DEPLOYMENT_TARGET = 9.3;
				MTL_ENABLE_DEBUG_INFO = YES;
				ONLY_ACTIVE_ARCH = YES;
				SDKROOT = iphoneos;
				SWIFT_OPTIMIZATION_LEVEL = "-Onone";
			};
			name = Debug;
		};
		43C29ECE1D5A736400E035E3 /* Release */ = {
			isa = XCBuildConfiguration;
			buildSettings = {
				ALWAYS_SEARCH_USER_PATHS = NO;
				CLANG_ANALYZER_NONNULL = YES;
				CLANG_CXX_LANGUAGE_STANDARD = "gnu++0x";
				CLANG_CXX_LIBRARY = "libc++";
				CLANG_ENABLE_MODULES = YES;
				CLANG_ENABLE_OBJC_ARC = YES;
				CLANG_WARN_BOOL_CONVERSION = YES;
				CLANG_WARN_CONSTANT_CONVERSION = YES;
				CLANG_WARN_DIRECT_OBJC_ISA_USAGE = YES_ERROR;
				CLANG_WARN_EMPTY_BODY = YES;
				CLANG_WARN_ENUM_CONVERSION = YES;
				CLANG_WARN_INT_CONVERSION = YES;
				CLANG_WARN_OBJC_ROOT_CLASS = YES_ERROR;
				CLANG_WARN_UNREACHABLE_CODE = YES;
				CLANG_WARN__DUPLICATE_METHOD_MATCH = YES;
				"CODE_SIGN_IDENTITY[sdk=iphoneos*]" = "iPhone Developer";
				COPY_PHASE_STRIP = NO;
				DEBUG_INFORMATION_FORMAT = "dwarf-with-dsym";
				ENABLE_NS_ASSERTIONS = NO;
				ENABLE_STRICT_OBJC_MSGSEND = YES;
				GCC_C_LANGUAGE_STANDARD = gnu99;
				GCC_NO_COMMON_BLOCKS = YES;
				GCC_WARN_64_TO_32_BIT_CONVERSION = YES;
				GCC_WARN_ABOUT_RETURN_TYPE = YES_ERROR;
				GCC_WARN_UNDECLARED_SELECTOR = YES;
				GCC_WARN_UNINITIALIZED_AUTOS = YES_AGGRESSIVE;
				GCC_WARN_UNUSED_FUNCTION = YES;
				GCC_WARN_UNUSED_VARIABLE = YES;
				IPHONEOS_DEPLOYMENT_TARGET = 9.3;
				MTL_ENABLE_DEBUG_INFO = NO;
				SDKROOT = iphoneos;
				VALIDATE_PRODUCT = YES;
			};
			name = Release;
		};
		43C29ED01D5A736400E035E3 /* Debug */ = {
			isa = XCBuildConfiguration;
			buildSettings = {
				ASSETCATALOG_COMPILER_APPICON_NAME = AppIcon;
				INFOPLIST_FILE = myriadOfCells/Info.plist;
				LD_RUNPATH_SEARCH_PATHS = "$(inherited) @executable_path/Frameworks";
				PRODUCT_BUNDLE_IDENTIFIER = rebeccaKFBartels.myriadOfCells;
				PRODUCT_NAME = "$(TARGET_NAME)";
			};
			name = Debug;
		};
		43C29ED11D5A736400E035E3 /* Release */ = {
			isa = XCBuildConfiguration;
			buildSettings = {
				ASSETCATALOG_COMPILER_APPICON_NAME = AppIcon;
				INFOPLIST_FILE = myriadOfCells/Info.plist;
				LD_RUNPATH_SEARCH_PATHS = "$(inherited) @executable_path/Frameworks";
				PRODUCT_BUNDLE_IDENTIFIER = rebeccaKFBartels.myriadOfCells;
				PRODUCT_NAME = "$(TARGET_NAME)";
			};
			name = Release;
		};
/* End XCBuildConfiguration section */

/* Begin XCConfigurationList section */
		43C29EB81D5A736400E035E3 /* Build configuration list for PBXProject "myriadOfCells" */ = {
			isa = XCConfigurationList;
			buildConfigurations = (
				43C29ECD1D5A736400E035E3 /* Debug */,
				43C29ECE1D5A736400E035E3 /* Release */,
			);
			defaultConfigurationIsVisible = 0;
			defaultConfigurationName = Release;
		};
		43C29ECF1D5A736400E035E3 /* Build configuration list for PBXNativeTarget "myriadOfCells" */ = {
			isa = XCConfigurationList;
			buildConfigurations = (
				43C29ED01D5A736400E035E3 /* Debug */,
				43C29ED11D5A736400E035E3 /* Release */,
			);
			defaultConfigurationIsVisible = 0;
		};
/* End XCConfigurationList section */
	};
	rootObject = 43C29EB51D5A736400E035E3 /* Project object */;
}
